
Microsoft Visual Studio Solution File, Format Version 12.00
# Visual Studio Version 16
VisualStudioVersion = 16.0.30621.155
MinimumVisualStudioVersion = 10.0.40219.1
Project("{9A19103F-16F7-4668-BE54-9A1E7A4F7556}") = "Aide.Notifications.Models", "Aide.Notifications.Models\Aide.Notifications.Models.csproj", "{41791CFB-8B69-48B6-8459-D302B2664E24}"
EndProject
Project("{9A19103F-16F7-4668-BE54-9A1E7A4F7556}") = "Aide.Notifications.Domain", "Aide.Notifications.Domain\Aide.Notifications.Domain.csproj", "{EB8AD5EE-8CBA-41F3-982C-BB463ABE4628}"
EndProject
Project("{9A19103F-16F7-4668-BE54-9A1E7A4F7556}") = "Aide.Notifications.Services", "Aide.Notifications.Services\Aide.Notifications.Services.csproj", "{A420C8A0-D841-499F-942B-82F799F822BE}"
EndProject
Project("{9A19103F-16F7-4668-BE54-9A1E7A4F7556}") = "Aide.Notifications.Services.UnitTests", "Aide.Notifications.Services.UnitTests\Aide.Notifications.Services.UnitTests.csproj", "{4DDE1F8E-7D7C-495F-ADE6-061FF2C50140}"
EndProject
Project("{9A19103F-16F7-4668-BE54-9A1E7A4F7556}") = "Aide.Notifications.WebApi", "Aide.Notifications.WebApi\Aide.Notifications.WebApi.csproj", "{31FD2B18-79D6-458D-AB14-6403DF98A16E}"
EndProject
Global
	GlobalSection(SolutionConfigurationPlatforms) = preSolution
		Debug|Any CPU = Debug|Any CPU
		Release|Any CPU = Release|Any CPU
	EndGlobalSection
	GlobalSection(ProjectConfigurationPlatforms) = postSolution
		{41791CFB-8B69-48B6-8459-D302B2664E24}.Debug|Any CPU.ActiveCfg = Debug|Any CPU
		{41791CFB-8B69-48B6-8459-D302B2664E24}.Debug|Any CPU.Build.0 = Debug|Any CPU
		{41791CFB-8B69-48B6-8459-D302B2664E24}.Release|Any CPU.ActiveCfg = Release|Any CPU
		{41791CFB-8B69-48B6-8459-D302B2664E24}.Release|Any CPU.Build.0 = Release|Any CPU
		{EB8AD5EE-8CBA-41F3-982C-BB463ABE4628}.Debug|Any CPU.ActiveCfg = Debug|Any CPU
		{EB8AD5EE-8CBA-41F3-982C-BB463ABE4628}.Debug|Any CPU.Build.0 = Debug|Any CPU
		{EB8AD5EE-8CBA-41F3-982C-BB463ABE4628}.Release|Any CPU.ActiveCfg = Release|Any CPU
		{EB8AD5EE-8CBA-41F3-982C-BB463ABE4628}.Release|Any CPU.Build.0 = Release|Any CPU
		{A420C8A0-D841-499F-942B-82F799F822BE}.Debug|Any CPU.ActiveCfg = Debug|Any CPU
		{A420C8A0-D841-499F-942B-82F799F822BE}.Debug|Any CPU.Build.0 = Debug|Any CPU
		{A420C8A0-D841-499F-942B-82F799F822BE}.Release|Any CPU.ActiveCfg = Release|Any CPU
		{A420C8A0-D841-499F-942B-82F799F822BE}.Release|Any CPU.Build.0 = Release|Any CPU
		{4DDE1F8E-7D7C-495F-ADE6-061FF2C50140}.Debug|Any CPU.ActiveCfg = Debug|Any CPU
		{4DDE1F8E-7D7C-495F-ADE6-061FF2C50140}.Debug|Any CPU.Build.0 = Debug|Any CPU
		{4DDE1F8E-7D7C-495F-ADE6-061FF2C50140}.Release|Any CPU.ActiveCfg = Release|Any CPU
		{4DDE1F8E-7D7C-495F-ADE6-061FF2C50140}.Release|Any CPU.Build.0 = Release|Any CPU
		{31FD2B18-79D6-458D-AB14-6403DF98A16E}.Debug|Any CPU.ActiveCfg = Debug|Any CPU
		{31FD2B18-79D6-458D-AB14-6403DF98A16E}.Debug|Any CPU.Build.0 = Debug|Any CPU
		{31FD2B18-79D6-458D-AB14-6403DF98A16E}.Release|Any CPU.ActiveCfg = Release|Any CPU
		{31FD2B18-79D6-458D-AB14-6403DF98A16E}.Release|Any CPU.Build.0 = Release|Any CPU
	EndGlobalSection
	GlobalSection(SolutionProperties) = preSolution
		HideSolutionNode = FALSE
	EndGlobalSection
	GlobalSection(ExtensibilityGlobals) = postSolution
		SolutionGuid = {50A44731-849C-4DFD-B58C-A0377C833107}
	EndGlobalSection
EndGlobal
